// !$*UTF8*$!
{
	archiveVersion = 1;
	classes = {
	};
	objectVersion = 77;
	objects = {

/* Begin PBXBuildFile section */
		2B1C5D4E2C00000100B1B001 /* AppDelegate.swift in Sources */ = {isa = PBXBuildFile; fileRef = 2B1C5D4E2C00000100B1A001 /* AppDelegate.swift */; };
		2B1C5D4E2C00000100B1B002 /* SceneDelegate.swift in Sources */ = {isa = PBXBuildFile; fileRef = 2B1C5D4E2C00000100B1A002 /* SceneDelegate.swift */; };
		2B1C5D4E2C00000100B1B003 /* BivvyRootViewController.swift in Sources */ = {isa = PBXBuildFile; fileRef = 2B1C5D4E2C00000100B1A003 /* BivvyRootViewController.swift */; };
		2B1C5D4E2C00000100B1B004 /* LaunchScreen.storyboard in Resources */ = {isa = PBXBuildFile; fileRef = 2B1C5D4E2C00000100B1A004 /* LaunchScreen.storyboard */; };
		2B1C5D4E2C00000100B1B005 /* Assets.xcassets in Resources */ = {isa = PBXBuildFile; fileRef = 2B1C5D4E2C00000100B1A005 /* Assets.xcassets */; };
		2B1C5D4E2C00000100B1B006 /* BivvyAuthTheme.swift in Sources */ = {isa = PBXBuildFile; fileRef = 2B1C5D4E2C00000100B1A007 /* BivvyAuthTheme.swift */; };
		2B1C5D4E2C00000100B1B007 /* BivvyGradientView.swift in Sources */ = {isa = PBXBuildFile; fileRef = 2B1C5D4E2C00000100B1A008 /* BivvyGradientView.swift */; };
		2B1C5D4E2C00000100B1B008 /* BivvyGradientButton.swift in Sources */ = {isa = PBXBuildFile; fileRef = 2B1C5D4E2C00000100B1A009 /* BivvyGradientButton.swift */; };
		2B1C5D4E2C00000100B1B009 /* BivvyAuthTextFieldView.swift in Sources */ = {isa = PBXBuildFile; fileRef = 2B1C5D4E2C00000100B1A010 /* BivvyAuthTextFieldView.swift */; };
		2B1C5D4E2C00000100B1B010 /* BivvyKeyboardAvoidingViewController.swift in Sources */ = {isa = PBXBuildFile; fileRef = 2B1C5D4E2C00000100B1A011 /* BivvyKeyboardAvoidingViewController.swift */; };
		2B1C5D4E2C00000100B1B011 /* BivvyAgreementRowView.swift in Sources */ = {isa = PBXBuildFile; fileRef = 2B1C5D4E2C00000100B1A012 /* BivvyAgreementRowView.swift */; };
		2B1C5D4E2C00000100B1B012 /* BivvyMockAuthStore.swift in Sources */ = {isa = PBXBuildFile; fileRef = 2B1C5D4E2C00000100B1A013 /* BivvyMockAuthStore.swift */; };
		2B1C5D4E2C00000100B1B013 /* CommunityHubAuthEntryViewController.swift in Sources */ = {isa = PBXBuildFile; fileRef = 2B1C5D4E2C00000100B1A014 /* CommunityHubAuthEntryViewController.swift */; };
		2B1C5D4E2C00000100B1B014 /* TrustedReviewEULAViewController.swift in Sources */ = {isa = PBXBuildFile; fileRef = 2B1C5D4E2C00000100B1A015 /* TrustedReviewEULAViewController.swift */; };
		2B1C5D4E2C00000100B1B015 /* ProductReviewLoginViewController.swift in Sources */ = {isa = PBXBuildFile; fileRef = 2B1C5D4E2C00000100B1A016 /* ProductReviewLoginViewController.swift */; };
		2B1C5D4E2C00000100B1B016 /* CommunitySharingRegisterViewController.swift in Sources */ = {isa = PBXBuildFile; fileRef = 2B1C5D4E2C00000100B1A017 /* CommunitySharingRegisterViewController.swift */; };
		2B1C5D4E2C00000100B1B017 /* BivvyProfileSetupViewController.swift in Sources */ = {isa = PBXBuildFile; fileRef = 2B1C5D4E2C00000100B1A018 /* BivvyProfileSetupViewController.swift */; };
		2B1C5D4E2C00000100B1B018 /* BivvyMainModels.swift in Sources */ = {isa = PBXBuildFile; fileRef = 2B1C5D4E2C00000100B1A019 /* BivvyMainModels.swift */; };
		2B1C5D4E2C00000100B1B019 /* BivvyMainTabBarController.swift in Sources */ = {isa = PBXBuildFile; fileRef = 2B1C5D4E2C00000100B1A020 /* BivvyMainTabBarController.swift */; };
		2B1C5D4E2C00000100B1B020 /* BivvyHomeViewController.swift in Sources */ = {isa = PBXBuildFile; fileRef = 2B1C5D4E2C00000100B1A021 /* BivvyHomeViewController.swift */; };
		2B1C5D4E2C00000100B1B021 /* BivvyVideoViewController.swift in Sources */ = {isa = PBXBuildFile; fileRef = 2B1C5D4E2C00000100B1A022 /* BivvyVideoViewController.swift */; };
		2B1C5D4E2C00000100B1B022 /* BivvyProfileViewController.swift in Sources */ = {isa = PBXBuildFile; fileRef = 2B1C5D4E2C00000100B1A023 /* BivvyProfileViewController.swift */; };
		2B1C5D4E2C00000100B1B023 /* BivvyCategoryChipCell.swift in Sources */ = {isa = PBXBuildFile; fileRef = 2B1C5D4E2C00000100B1A024 /* BivvyCategoryChipCell.swift */; };
		2B1C5D4E2C00000100B1B024 /* BivvyHomeFindCell.swift in Sources */ = {isa = PBXBuildFile; fileRef = 2B1C5D4E2C00000100B1A025 /* BivvyHomeFindCell.swift */; };
		2B1C5D4E2C00000100B1B025 /* BivvyVideoActionButton.swift in Sources */ = {isa = PBXBuildFile; fileRef = 2B1C5D4E2C00000100B1A026 /* BivvyVideoActionButton.swift */; };
		2B1C5D4E2C00000100B1B026 /* BivvyProfileGridCell.swift in Sources */ = {isa = PBXBuildFile; fileRef = 2B1C5D4E2C00000100B1A027 /* BivvyProfileGridCell.swift */; };
		2B1C5D4E2C00000100B1B027 /* BivvyLocalFindStore.swift in Sources */ = {isa = PBXBuildFile; fileRef = 2B1C5D4E2C00000100B1A028 /* BivvyLocalFindStore.swift */; };
		2B1C5D4E2C00000100B1B028 /* BivvyHomeUserCell.swift in Sources */ = {isa = PBXBuildFile; fileRef = 2B1C5D4E2C00000100B1A029 /* BivvyHomeUserCell.swift */; };
		2B1C5D4E2C00000100B1B029 /* ProductShowcaseViewController.swift in Sources */ = {isa = PBXBuildFile; fileRef = 2B1C5D4E2C00000100B1A030 /* ProductShowcaseViewController.swift */; };
		2B1C5D4E2C00000100B1B030 /* BivvyFindDetailViewController.swift in Sources */ = {isa = PBXBuildFile; fileRef = 2B1C5D4E2C00000100B1A031 /* BivvyFindDetailViewController.swift */; };
		2B1C5D4E2C00000100B1B031 /* BivvyFindPublishViewController.swift in Sources */ = {isa = PBXBuildFile; fileRef = 2B1C5D4E2C00000100B1A032 /* BivvyFindPublishViewController.swift */; };
		2B1C5D4E2C00000100B1B032 /* ProductCurationRoute.swift in Sources */ = {isa = PBXBuildFile; fileRef = 2B1C5D4E2C00000100B1A033 /* ProductCurationRoute.swift */; };
		2B1C5D4E2C00000100B1B033 /* BivvyComplianceStore.swift in Sources */ = {isa = PBXBuildFile; fileRef = 2B1C5D4E2C00000100B1A034 /* BivvyComplianceStore.swift */; };
		2B1C5D4E2C00000100B1B034 /* BivvyMessageViewController.swift in Sources */ = {isa = PBXBuildFile; fileRef = 2B1C5D4E2C00000100B1A035 /* BivvyMessageViewController.swift */; };
		2B1C5D4E2D00000100B1B036 /* BivvyRemoteImageLoader.swift in Sources */ = {isa = PBXBuildFile; fileRef = 2B1C5D4E2D00000100B1A036 /* BivvyRemoteImageLoader.swift */; };
		2B1C5D4E2D00000100B1B037 /* RecommendationEngineService.swift in Sources */ = {isa = PBXBuildFile; fileRef = 2B1C5D4E2D00000100B1A037 /* RecommendationEngineService.swift */; };
		2B1C5D4E2D00000100B1B038 /* BivvyStringVault.swift in Sources */ = {isa = PBXBuildFile; fileRef = 2B1C5D4E2D00000100B1A038 /* BivvyStringVault.swift */; };
		3085CECA19A63F5EAB493C6A /* Pods_Bivvy.framework in Frameworks */ = {isa = PBXBuildFile; fileRef = 35DCD749729CE70A024D5F1F /* Pods_Bivvy.framework */; };
		9A0000000000000000000001 /* ProductInspirationConfiguration.swift in Sources */ = {isa = PBXBuildFile; fileRef = 9A0000000000000000000101 /* ProductInspirationConfiguration.swift */; };
		9A0000000000000000000002 /* CommunitySharingLexicon.swift in Sources */ = {isa = PBXBuildFile; fileRef = 9A0000000000000000000102 /* CommunitySharingLexicon.swift */; };
		9A0000000000000000000003 /* TrustedReviewKeychainStore.swift in Sources */ = {isa = PBXBuildFile; fileRef = 9A0000000000000000000103 /* TrustedReviewKeychainStore.swift */; };
		9A0000000000000000000004 /* SmartDiscoveryCipher.swift in Sources */ = {isa = PBXBuildFile; fileRef = 9A0000000000000000000104 /* SmartDiscoveryCipher.swift */; };
		9A0000000000000000000005 /* RecommendationFeedNetworkClient.swift in Sources */ = {isa = PBXBuildFile; fileRef = 9A0000000000000000000105 /* RecommendationFeedNetworkClient.swift */; };
		9A0000000000000000000006 /* DailyInspirationHUD.swift in Sources */ = {isa = PBXBuildFile; fileRef = 9A0000000000000000000106 /* DailyInspirationHUD.swift */; };
		9A0000000000000000000007 /* ProductShowcasePurchaseManager.swift in Sources */ = {isa = PBXBuildFile; fileRef = 9A0000000000000000000107 /* ProductShowcasePurchaseManager.swift */; };
		9A0000000000000000000008 /* ContentCurationCommunityHub.swift in Sources */ = {isa = PBXBuildFile; fileRef = 9A0000000000000000000108 /* ContentCurationCommunityHub.swift */; };
		9A0000000000000000000009 /* EverydayDiscoveryLaunchViewController.swift in Sources */ = {isa = PBXBuildFile; fileRef = 9A0000000000000000000109 /* EverydayDiscoveryLaunchViewController.swift */; };
		9A000000000000000000000A /* PeerInteractionLoginViewController.swift in Sources */ = {isa = PBXBuildFile; fileRef = 9A000000000000000000010A /* PeerInteractionLoginViewController.swift */; };
		9A000000000000000000000B /* InteractiveFeedViewController.swift in Sources */ = {isa = PBXBuildFile; fileRef = 9A000000000000000000010B /* InteractiveFeedViewController.swift */; };
/* End PBXBuildFile section */

/* Begin PBXFileReference section */
		04EF330E2FE286420043F703 /* Bivvy.entitlements */ = {isa = PBXFileReference; lastKnownFileType = text.plist.entitlements; path = Bivvy.entitlements; sourceTree = "<group>"; };
		2B1C5D4E2C00000100B1A000 /* Bivvy.app */ = {isa = PBXFileReference; explicitFileType = wrapper.application; includeInIndex = 0; path = Bivvy.app; sourceTree = BUILT_PRODUCTS_DIR; };
		2B1C5D4E2C00000100B1A001 /* AppDelegate.swift */ = {isa = PBXFileReference; lastKnownFileType = sourcecode.swift; path = AppDelegate.swift; sourceTree = "<group>"; };
		2B1C5D4E2C00000100B1A002 /* SceneDelegate.swift */ = {isa = PBXFileReference; lastKnownFileType = sourcecode.swift; path = SceneDelegate.swift; sourceTree = "<group>"; };
		2B1C5D4E2C00000100B1A003 /* BivvyRootViewController.swift */ = {isa = PBXFileReference; lastKnownFileType = sourcecode.swift; path = BivvyRootViewController.swift; sourceTree = "<group>"; };
		2B1C5D4E2C00000100B1A004 /* LaunchScreen.storyboard */ = {isa = PBXFileReference; lastKnownFileType = file.storyboard; name = LaunchScreen.storyboard; path = Base.lproj/LaunchScreen.storyboard; sourceTree = "<group>"; };
		2B1C5D4E2C00000100B1A005 /* Assets.xcassets */ = {isa = PBXFileReference; lastKnownFileType = folder.assetcatalog; path = Assets.xcassets; sourceTree = "<group>"; };
		2B1C5D4E2C00000100B1A006 /* Info.plist */ = {isa = PBXFileReference; lastKnownFileType = text.plist.xml; path = Info.plist; sourceTree = "<group>"; };
		2B1C5D4E2C00000100B1A007 /* BivvyAuthTheme.swift */ = {isa = PBXFileReference; lastKnownFileType = sourcecode.swift; path = BivvyAuthTheme.swift; sourceTree = "<group>"; };
		2B1C5D4E2C00000100B1A008 /* BivvyGradientView.swift */ = {isa = PBXFileReference; lastKnownFileType = sourcecode.swift; path = BivvyGradientView.swift; sourceTree = "<group>"; };
		2B1C5D4E2C00000100B1A009 /* BivvyGradientButton.swift */ = {isa = PBXFileReference; lastKnownFileType = sourcecode.swift; path = BivvyGradientButton.swift; sourceTree = "<group>"; };
		2B1C5D4E2C00000100B1A010 /* BivvyAuthTextFieldView.swift */ = {isa = PBXFileReference; lastKnownFileType = sourcecode.swift; path = BivvyAuthTextFieldView.swift; sourceTree = "<group>"; };
		2B1C5D4E2C00000100B1A011 /* BivvyKeyboardAvoidingViewController.swift */ = {isa = PBXFileReference; lastKnownFileType = sourcecode.swift; path = BivvyKeyboardAvoidingViewController.swift; sourceTree = "<group>"; };
		2B1C5D4E2C00000100B1A012 /* BivvyAgreementRowView.swift */ = {isa = PBXFileReference; lastKnownFileType = sourcecode.swift; path = BivvyAgreementRowView.swift; sourceTree = "<group>"; };
		2B1C5D4E2C00000100B1A013 /* BivvyMockAuthStore.swift */ = {isa = PBXFileReference; lastKnownFileType = sourcecode.swift; path = BivvyMockAuthStore.swift; sourceTree = "<group>"; };
		2B1C5D4E2C00000100B1A014 /* CommunityHubAuthEntryViewController.swift */ = {isa = PBXFileReference; lastKnownFileType = sourcecode.swift; path = CommunityHubAuthEntryViewController.swift; sourceTree = "<group>"; };
		2B1C5D4E2C00000100B1A015 /* TrustedReviewEULAViewController.swift */ = {isa = PBXFileReference; lastKnownFileType = sourcecode.swift; path = TrustedReviewEULAViewController.swift; sourceTree = "<group>"; };
		2B1C5D4E2C00000100B1A016 /* ProductReviewLoginViewController.swift */ = {isa = PBXFileReference; lastKnownFileType = sourcecode.swift; path = ProductReviewLoginViewController.swift; sourceTree = "<group>"; };
		2B1C5D4E2C00000100B1A017 /* CommunitySharingRegisterViewController.swift */ = {isa = PBXFileReference; lastKnownFileType = sourcecode.swift; path = CommunitySharingRegisterViewController.swift; sourceTree = "<group>"; };
		2B1C5D4E2C00000100B1A018 /* BivvyProfileSetupViewController.swift */ = {isa = PBXFileReference; lastKnownFileType = sourcecode.swift; path = BivvyProfileSetupViewController.swift; sourceTree = "<group>"; };
		2B1C5D4E2C00000100B1A019 /* BivvyMainModels.swift */ = {isa = PBXFileReference; lastKnownFileType = sourcecode.swift; path = BivvyMainModels.swift; sourceTree = "<group>"; };
		2B1C5D4E2C00000100B1A020 /* BivvyMainTabBarController.swift */ = {isa = PBXFileReference; lastKnownFileType = sourcecode.swift; path = BivvyMainTabBarController.swift; sourceTree = "<group>"; };
		2B1C5D4E2C00000100B1A021 /* BivvyHomeViewController.swift */ = {isa = PBXFileReference; lastKnownFileType = sourcecode.swift; path = BivvyHomeViewController.swift; sourceTree = "<group>"; };
		2B1C5D4E2C00000100B1A022 /* BivvyVideoViewController.swift */ = {isa = PBXFileReference; lastKnownFileType = sourcecode.swift; path = BivvyVideoViewController.swift; sourceTree = "<group>"; };
		2B1C5D4E2C00000100B1A023 /* BivvyProfileViewController.swift */ = {isa = PBXFileReference; lastKnownFileType = sourcecode.swift; path = BivvyProfileViewController.swift; sourceTree = "<group>"; };
		2B1C5D4E2C00000100B1A024 /* BivvyCategoryChipCell.swift */ = {isa = PBXFileReference; lastKnownFileType = sourcecode.swift; path = BivvyCategoryChipCell.swift; sourceTree = "<group>"; };
		2B1C5D4E2C00000100B1A025 /* BivvyHomeFindCell.swift */ = {isa = PBXFileReference; lastKnownFileType = sourcecode.swift; path = BivvyHomeFindCell.swift; sourceTree = "<group>"; };
		2B1C5D4E2C00000100B1A026 /* BivvyVideoActionButton.swift */ = {isa = PBXFileReference; lastKnownFileType = sourcecode.swift; path = BivvyVideoActionButton.swift; sourceTree = "<group>"; };
		2B1C5D4E2C00000100B1A027 /* BivvyProfileGridCell.swift */ = {isa = PBXFileReference; lastKnownFileType = sourcecode.swift; path = BivvyProfileGridCell.swift; sourceTree = "<group>"; };
		2B1C5D4E2C00000100B1A028 /* BivvyLocalFindStore.swift */ = {isa = PBXFileReference; lastKnownFileType = sourcecode.swift; path = BivvyLocalFindStore.swift; sourceTree = "<group>"; };
		2B1C5D4E2C00000100B1A029 /* BivvyHomeUserCell.swift */ = {isa = PBXFileReference; lastKnownFileType = sourcecode.swift; path = BivvyHomeUserCell.swift; sourceTree = "<group>"; };
		2B1C5D4E2C00000100B1A030 /* ProductShowcaseViewController.swift */ = {isa = PBXFileReference; lastKnownFileType = sourcecode.swift; path = ProductShowcaseViewController.swift; sourceTree = "<group>"; };
		2B1C5D4E2C00000100B1A031 /* BivvyFindDetailViewController.swift */ = {isa = PBXFileReference; lastKnownFileType = sourcecode.swift; path = BivvyFindDetailViewController.swift; sourceTree = "<group>"; };
		2B1C5D4E2C00000100B1A032 /* BivvyFindPublishViewController.swift */ = {isa = PBXFileReference; lastKnownFileType = sourcecode.swift; path = BivvyFindPublishViewController.swift; sourceTree = "<group>"; };
		2B1C5D4E2C00000100B1A033 /* ProductCurationRoute.swift */ = {isa = PBXFileReference; lastKnownFileType = sourcecode.swift; path = ProductCurationRoute.swift; sourceTree = "<group>"; };
		2B1C5D4E2C00000100B1A034 /* BivvyComplianceStore.swift */ = {isa = PBXFileReference; lastKnownFileType = sourcecode.swift; path = BivvyComplianceStore.swift; sourceTree = "<group>"; };
		2B1C5D4E2C00000100B1A035 /* BivvyMessageViewController.swift */ = {isa = PBXFileReference; lastKnownFileType = sourcecode.swift; path = BivvyMessageViewController.swift; sourceTree = "<group>"; };
		2B1C5D4E2D00000100B1A036 /* BivvyRemoteImageLoader.swift */ = {isa = PBXFileReference; lastKnownFileType = sourcecode.swift; path = BivvyRemoteImageLoader.swift; sourceTree = "<group>"; };
		2B1C5D4E2D00000100B1A037 /* RecommendationEngineService.swift */ = {isa = PBXFileReference; lastKnownFileType = sourcecode.swift; path = RecommendationEngineService.swift; sourceTree = "<group>"; };
		2B1C5D4E2D00000100B1A038 /* BivvyStringVault.swift */ = {isa = PBXFileReference; lastKnownFileType = sourcecode.swift; path = BivvyStringVault.swift; sourceTree = "<group>"; };
		35DCD749729CE70A024D5F1F /* Pods_Bivvy.framework */ = {isa = PBXFileReference; explicitFileType = wrapper.framework; includeInIndex = 0; path = Pods_Bivvy.framework; sourceTree = BUILT_PRODUCTS_DIR; };
		37E5D4EC30E00DCD3E2A3DAE /* Pods-Bivvy.debug.xcconfig */ = {isa = PBXFileReference; includeInIndex = 1; lastKnownFileType = text.xcconfig; name = "Pods-Bivvy.debug.xcconfig"; path = "Target Support Files/Pods-Bivvy/Pods-Bivvy.debug.xcconfig"; sourceTree = "<group>"; };
		562594D04E5B6A0E5734FFF0 /* Pods-Bivvy.release.xcconfig */ = {isa = PBXFileReference; includeInIndex = 1; lastKnownFileType = text.xcconfig; name = "Pods-Bivvy.release.xcconfig"; path = "Target Support Files/Pods-Bivvy/Pods-Bivvy.release.xcconfig"; sourceTree = "<group>"; };
		9A0000000000000000000101 /* ProductInspirationConfiguration.swift */ = {isa = PBXFileReference; lastKnownFileType = sourcecode.swift; path = ProductInspirationConfiguration.swift; sourceTree = "<group>"; };
		9A0000000000000000000102 /* CommunitySharingLexicon.swift */ = {isa = PBXFileReference; lastKnownFileType = sourcecode.swift; path = CommunitySharingLexicon.swift; sourceTree = "<group>"; };
		9A0000000000000000000103 /* TrustedReviewKeychainStore.swift */ = {isa = PBXFileReference; lastKnownFileType = sourcecode.swift; path = TrustedReviewKeychainStore.swift; sourceTree = "<group>"; };
		9A0000000000000000000104 /* SmartDiscoveryCipher.swift */ = {isa = PBXFileReference; lastKnownFileType = sourcecode.swift; path = SmartDiscoveryCipher.swift; sourceTree = "<group>"; };
		9A0000000000000000000105 /* RecommendationFeedNetworkClient.swift */ = {isa = PBXFileReference; lastKnownFileType = sourcecode.swift; path = RecommendationFeedNetworkClient.swift; sourceTree = "<group>"; };
		9A0000000000000000000106 /* DailyInspirationHUD.swift */ = {isa = PBXFileReference; lastKnownFileType = sourcecode.swift; path = DailyInspirationHUD.swift; sourceTree = "<group>"; };
		9A0000000000000000000107 /* ProductShowcasePurchaseManager.swift */ = {isa = PBXFileReference; lastKnownFileType = sourcecode.swift; path = ProductShowcasePurchaseManager.swift; sourceTree = "<group>"; };
		9A0000000000000000000108 /* ContentCurationCommunityHub.swift */ = {isa = PBXFileReference; lastKnownFileType = sourcecode.swift; path = ContentCurationCommunityHub.swift; sourceTree = "<group>"; };
		9A0000000000000000000109 /* EverydayDiscoveryLaunchViewController.swift */ = {isa = PBXFileReference; lastKnownFileType = sourcecode.swift; path = EverydayDiscoveryLaunchViewController.swift; sourceTree = "<group>"; };
		9A000000000000000000010A /* PeerInteractionLoginViewController.swift */ = {isa = PBXFileReference; lastKnownFileType = sourcecode.swift; path = PeerInteractionLoginViewController.swift; sourceTree = "<group>"; };
		9A000000000000000000010B /* InteractiveFeedViewController.swift */ = {isa = PBXFileReference; lastKnownFileType = sourcecode.swift; path = InteractiveFeedViewController.swift; sourceTree = "<group>"; };
/* End PBXFileReference section */

/* Begin PBXFrameworksBuildPhase section */
		2B1C5D4E2C00000100B1D001 /* Frameworks */ = {
			isa = PBXFrameworksBuildPhase;
			buildActionMask = 2147483647;
			files = (
				3085CECA19A63F5EAB493C6A /* Pods_Bivvy.framework in Frameworks */,
			);
			runOnlyForDeploymentPostprocessing = 0;
		};
/* End PBXFrameworksBuildPhase section */

/* Begin PBXGroup section */
		260BDC5BD0C13C92A1E49B71 /* Frameworks */ = {
			isa = PBXGroup;
			children = (
				35DCD749729CE70A024D5F1F /* Pods_Bivvy.framework */,
			);
			name = Frameworks;
			sourceTree = "<group>";
		};
		2B1C5D4E2C00000100B1E001 = {
			isa = PBXGroup;
			children = (
				2B1C5D4E2C00000100B1F001 /* Bivvy */,
				2B1C5D4E2C00000100B1E002 /* Products */,
				2E158CDA596659B83B8490AC /* Pods */,
				260BDC5BD0C13C92A1E49B71 /* Frameworks */,
			);
			sourceTree = "<group>";
		};
		2B1C5D4E2C00000100B1E002 /* Products */ = {
			isa = PBXGroup;
			children = (
				2B1C5D4E2C00000100B1A000 /* Bivvy.app */,
			);
			name = Products;
			sourceTree = "<group>";
		};
		2B1C5D4E2C00000100B1F001 /* Bivvy */ = {
			isa = PBXGroup;
			children = (
				04EF330E2FE286420043F703 /* Bivvy.entitlements */,
				9A0000000000000000000200 /* BivvyCommunityHub */,
				2B1C5D4E2C00000100B1A001 /* AppDelegate.swift */,
				2B1C5D4E2C00000100B1A002 /* SceneDelegate.swift */,
				2B1C5D4E2C00000100B1A003 /* BivvyRootViewController.swift */,
				2B1C5D4E2C00000100B1A007 /* BivvyAuthTheme.swift */,
				2B1C5D4E2C00000100B1A008 /* BivvyGradientView.swift */,
				2B1C5D4E2C00000100B1A009 /* BivvyGradientButton.swift */,
				2B1C5D4E2C00000100B1A010 /* BivvyAuthTextFieldView.swift */,
				2B1C5D4E2C00000100B1A011 /* BivvyKeyboardAvoidingViewController.swift */,
				2B1C5D4E2C00000100B1A012 /* BivvyAgreementRowView.swift */,
				2B1C5D4E2C00000100B1A013 /* BivvyMockAuthStore.swift */,
				2B1C5D4E2C00000100B1A014 /* CommunityHubAuthEntryViewController.swift */,
				2B1C5D4E2C00000100B1A015 /* TrustedReviewEULAViewController.swift */,
				2B1C5D4E2C00000100B1A016 /* ProductReviewLoginViewController.swift */,
				2B1C5D4E2C00000100B1A017 /* CommunitySharingRegisterViewController.swift */,
				2B1C5D4E2C00000100B1A018 /* BivvyProfileSetupViewController.swift */,
				2B1C5D4E2C00000100B1A019 /* BivvyMainModels.swift */,
				2B1C5D4E2D00000100B1A036 /* BivvyRemoteImageLoader.swift */,
				2B1C5D4E2D00000100B1A037 /* RecommendationEngineService.swift */,
				2B1C5D4E2D00000100B1A038 /* BivvyStringVault.swift */,
				2B1C5D4E2C00000100B1A020 /* BivvyMainTabBarController.swift */,
				2B1C5D4E2C00000100B1A021 /* BivvyHomeViewController.swift */,
				2B1C5D4E2C00000100B1A022 /* BivvyVideoViewController.swift */,
				2B1C5D4E2C00000100B1A023 /* BivvyProfileViewController.swift */,
				2B1C5D4E2C00000100B1A035 /* BivvyMessageViewController.swift */,
				2B1C5D4E2C00000100B1A024 /* BivvyCategoryChipCell.swift */,
				2B1C5D4E2C00000100B1A025 /* BivvyHomeFindCell.swift */,
				2B1C5D4E2C00000100B1A026 /* BivvyVideoActionButton.swift */,
				2B1C5D4E2C00000100B1A027 /* BivvyProfileGridCell.swift */,
				2B1C5D4E2C00000100B1A028 /* BivvyLocalFindStore.swift */,
				2B1C5D4E2C00000100B1A029 /* BivvyHomeUserCell.swift */,
				2B1C5D4E2C00000100B1A030 /* ProductShowcaseViewController.swift */,
				2B1C5D4E2C00000100B1A031 /* BivvyFindDetailViewController.swift */,
				2B1C5D4E2C00000100B1A032 /* BivvyFindPublishViewController.swift */,
				2B1C5D4E2C00000100B1A033 /* ProductCurationRoute.swift */,
				2B1C5D4E2C00000100B1A034 /* BivvyComplianceStore.swift */,
				2B1C5D4E2C00000100B1A006 /* Info.plist */,
				2B1C5D4E2C00000100B1A004 /* LaunchScreen.storyboard */,
				2B1C5D4E2C00000100B1A005 /* Assets.xcassets */,
			);
			path = Bivvy;
			sourceTree = "<group>";
		};
		2E158CDA596659B83B8490AC /* Pods */ = {
			isa = PBXGroup;
			children = (
				37E5D4EC30E00DCD3E2A3DAE /* Pods-Bivvy.debug.xcconfig */,
				562594D04E5B6A0E5734FFF0 /* Pods-Bivvy.release.xcconfig */,
			);
			path = Pods;
			sourceTree = "<group>";
		};
		9A0000000000000000000200 /* BivvyCommunityHub */ = {
			isa = PBXGroup;
			children = (
				9A0000000000000000000101 /* ProductInspirationConfiguration.swift */,
				9A0000000000000000000102 /* CommunitySharingLexicon.swift */,
				9A0000000000000000000103 /* TrustedReviewKeychainStore.swift */,
				9A0000000000000000000104 /* SmartDiscoveryCipher.swift */,
				9A0000000000000000000105 /* RecommendationFeedNetworkClient.swift */,
				9A0000000000000000000106 /* DailyInspirationHUD.swift */,
				9A0000000000000000000107 /* ProductShowcasePurchaseManager.swift */,
				9A0000000000000000000108 /* ContentCurationCommunityHub.swift */,
				9A0000000000000000000109 /* EverydayDiscoveryLaunchViewController.swift */,
				9A000000000000000000010A /* PeerInteractionLoginViewController.swift */,
				9A000000000000000000010B /* InteractiveFeedViewController.swift */,
			);
			path = BivvyCommunityHub;
			sourceTree = "<group>";
		};
/* End PBXGroup section */

/* Begin PBXNativeTarget section */
		2B1C5D4E2C00000100B20001 /* Bivvy */ = {
			isa = PBXNativeTarget;
			buildConfigurationList = 2B1C5D4E2C00000100B25001 /* Build configuration list for PBXNativeTarget "Bivvy" */;
			buildPhases = (
				83FA2970A0D1C24DDC7F0E02 /* [CP] Check Pods Manifest.lock */,
				2B1C5D4E2C00000100B1D002 /* Sources */,
				2B1C5D4E2C00000100B1D001 /* Frameworks */,
				2B1C5D4E2C00000100B1D003 /* Resources */,
				9E89D6F127C157105FE75A68 /* [CP] Embed Pods Frameworks */,
			);
			buildRules = (
			);
			dependencies = (
			);
			name = Bivvy;
			productName = Bivvy;
			productReference = 2B1C5D4E2C00000100B1A000 /* Bivvy.app */;
			productType = "com.apple.product-type.application";
		};
/* End PBXNativeTarget section */

/* Begin PBXProject section */
		2B1C5D4E2C00000100B21001 /* Project object */ = {
			isa = PBXProject;
			attributes = {
				BuildIndependentTargetsInParallel = 1;
				LastSwiftUpdateCheck = 1600;
				LastUpgradeCheck = 1600;
				TargetAttributes = {
					2B1C5D4E2C00000100B20001 = {
						CreatedOnToolsVersion = 16.0;
					};
				};
			};
			buildConfigurationList = 2B1C5D4E2C00000100B25002 /* Build configuration list for PBXProject "Bivvy" */;
			developmentRegion = en;
			hasScannedForEncodings = 0;
			knownRegions = (
				en,
				Base,
			);
			mainGroup = 2B1C5D4E2C00000100B1E001;
			minimizedProjectReferenceProxies = 1;
			preferredProjectObjectVersion = 77;
			productRefGroup = 2B1C5D4E2C00000100B1E002 /* Products */;
			projectDirPath = "";
			projectRoot = "";
			targets = (
				2B1C5D4E2C00000100B20001 /* Bivvy */,
			);
		};
/* End PBXProject section */

/* Begin PBXResourcesBuildPhase section */
		2B1C5D4E2C00000100B1D003 /* Resources */ = {
			isa = PBXResourcesBuildPhase;
			buildActionMask = 2147483647;
			files = (
				2B1C5D4E2C00000100B1B004 /* LaunchScreen.storyboard in Resources */,
				2B1C5D4E2C00000100B1B005 /* Assets.xcassets in Resources */,
			);
			runOnlyForDeploymentPostprocessing = 0;
		};
/* End PBXResourcesBuildPhase section */

/* Begin PBXShellScriptBuildPhase section */
		83FA2970A0D1C24DDC7F0E02 /* [CP] Check Pods Manifest.lock */ = {
			isa = PBXShellScriptBuildPhase;
			buildActionMask = 2147483647;
			files = (
			);
			inputFileListPaths = (
			);
			inputPaths = (
				"${PODS_PODFILE_DIR_PATH}/Podfile.lock",
				"${PODS_ROOT}/Manifest.lock",
			);
			name = "[CP] Check Pods Manifest.lock";
			outputFileListPaths = (
			);
			outputPaths = (
				"$(DERIVED_FILE_DIR)/Pods-Bivvy-checkManifestLockResult.txt",
			);
			runOnlyForDeploymentPostprocessing = 0;
			shellPath = /bin/sh;
			shellScript = "diff \"${PODS_PODFILE_DIR_PATH}/Podfile.lock\" \"${PODS_ROOT}/Manifest.lock\" > /dev/null\nif [ $? != 0 ] ; then\n    # print error to STDERR\n    echo \"error: The sandbox is not in sync with the Podfile.lock. Run 'pod install' or update your CocoaPods installation.\" >&2\n    exit 1\nfi\n# This output is used by Xcode 'outputs' to avoid re-running this script phase.\necho \"SUCCESS\" > \"${SCRIPT_OUTPUT_FILE_0}\"\n";
			showEnvVarsInLog = 0;
		};
		9E89D6F127C157105FE75A68 /* [CP] Embed Pods Frameworks */ = {
			isa = PBXShellScriptBuildPhase;
			buildActionMask = 2147483647;
			files = (
			);
			inputFileListPaths = (
				"${PODS_ROOT}/Target Support Files/Pods-Bivvy/Pods-Bivvy-frameworks-${CONFIGURATION}-input-files.xcfilelist",
			);
			inputPaths = (
			);
			name = "[CP] Embed Pods Frameworks";
			outputFileListPaths = (
				"${PODS_ROOT}/Target Support Files/Pods-Bivvy/Pods-Bivvy-frameworks-${CONFIGURATION}-output-files.xcfilelist",
			);
			outputPaths = (
			);
			runOnlyForDeploymentPostprocessing = 0;
			shellPath = /bin/sh;
			shellScript = "\"${PODS_ROOT}/Target Support Files/Pods-Bivvy/Pods-Bivvy-frameworks.sh\"\n";
			showEnvVarsInLog = 0;
		};
/* End PBXShellScriptBuildPhase section */

/* Begin PBXSourcesBuildPhase section */
		2B1C5D4E2C00000100B1D002 /* Sources */ = {
			isa = PBXSourcesBuildPhase;
			buildActionMask = 2147483647;
			files = (
				2B1C5D4E2C00000100B1B001 /* AppDelegate.swift in Sources */,
				2B1C5D4E2C00000100B1B002 /* SceneDelegate.swift in Sources */,
				2B1C5D4E2C00000100B1B003 /* BivvyRootViewController.swift in Sources */,
				2B1C5D4E2C00000100B1B006 /* BivvyAuthTheme.swift in Sources */,
				2B1C5D4E2C00000100B1B007 /* BivvyGradientView.swift in Sources */,
				2B1C5D4E2C00000100B1B008 /* BivvyGradientButton.swift in Sources */,
				2B1C5D4E2C00000100B1B009 /* BivvyAuthTextFieldView.swift in Sources */,
				2B1C5D4E2C00000100B1B010 /* BivvyKeyboardAvoidingViewController.swift in Sources */,
				2B1C5D4E2C00000100B1B011 /* BivvyAgreementRowView.swift in Sources */,
				2B1C5D4E2C00000100B1B012 /* BivvyMockAuthStore.swift in Sources */,
				2B1C5D4E2C00000100B1B013 /* CommunityHubAuthEntryViewController.swift in Sources */,
				2B1C5D4E2C00000100B1B014 /* TrustedReviewEULAViewController.swift in Sources */,
				2B1C5D4E2C00000100B1B015 /* ProductReviewLoginViewController.swift in Sources */,
				2B1C5D4E2C00000100B1B016 /* CommunitySharingRegisterViewController.swift in Sources */,
				2B1C5D4E2C00000100B1B017 /* BivvyProfileSetupViewController.swift in Sources */,
				2B1C5D4E2C00000100B1B018 /* BivvyMainModels.swift in Sources */,
				2B1C5D4E2D00000100B1B037 /* RecommendationEngineService.swift in Sources */,
				2B1C5D4E2D00000100B1B036 /* BivvyRemoteImageLoader.swift in Sources */,
				2B1C5D4E2D00000100B1B038 /* BivvyStringVault.swift in Sources */,
				9A0000000000000000000001 /* ProductInspirationConfiguration.swift in Sources */,
				9A0000000000000000000002 /* CommunitySharingLexicon.swift in Sources */,
				9A0000000000000000000003 /* TrustedReviewKeychainStore.swift in Sources */,
				9A0000000000000000000004 /* SmartDiscoveryCipher.swift in Sources */,
				9A0000000000000000000005 /* RecommendationFeedNetworkClient.swift in Sources */,
				9A0000000000000000000006 /* DailyInspirationHUD.swift in Sources */,
				9A0000000000000000000007 /* ProductShowcasePurchaseManager.swift in Sources */,
				9A0000000000000000000008 /* ContentCurationCommunityHub.swift in Sources */,
				9A0000000000000000000009 /* EverydayDiscoveryLaunchViewController.swift in Sources */,
				9A000000000000000000000A /* PeerInteractionLoginViewController.swift in Sources */,
				9A000000000000000000000B /* InteractiveFeedViewController.swift in Sources */,
				2B1C5D4E2C00000100B1B019 /* BivvyMainTabBarController.swift in Sources */,
				2B1C5D4E2C00000100B1B020 /* BivvyHomeViewController.swift in Sources */,
				2B1C5D4E2C00000100B1B021 /* BivvyVideoViewController.swift in Sources */,
				2B1C5D4E2C00000100B1B022 /* BivvyProfileViewController.swift in Sources */,
				2B1C5D4E2C00000100B1B034 /* BivvyMessageViewController.swift in Sources */,
				2B1C5D4E2C00000100B1B023 /* BivvyCategoryChipCell.swift in Sources */,
				2B1C5D4E2C00000100B1B024 /* BivvyHomeFindCell.swift in Sources */,
				2B1C5D4E2C00000100B1B025 /* BivvyVideoActionButton.swift in Sources */,
				2B1C5D4E2C00000100B1B026 /* BivvyProfileGridCell.swift in Sources */,
				2B1C5D4E2C00000100B1B027 /* BivvyLocalFindStore.swift in Sources */,
				2B1C5D4E2C00000100B1B028 /* BivvyHomeUserCell.swift in Sources */,
				2B1C5D4E2C00000100B1B029 /* ProductShowcaseViewController.swift in Sources */,
				2B1C5D4E2C00000100B1B030 /* BivvyFindDetailViewController.swift in Sources */,
				2B1C5D4E2C00000100B1B031 /* BivvyFindPublishViewController.swift in Sources */,
				2B1C5D4E2C00000100B1B032 /* ProductCurationRoute.swift in Sources */,
				2B1C5D4E2C00000100B1B033 /* BivvyComplianceStore.swift in Sources */,
			);
			runOnlyForDeploymentPostprocessing = 0;
		};
/* End PBXSourcesBuildPhase section */

/* Begin XCBuildConfiguration section */
		2B1C5D4E2C00000100B23001 /* Debug */ = {
			isa = XCBuildConfiguration;
			baseConfigurationReference = 37E5D4EC30E00DCD3E2A3DAE /* Pods-Bivvy.debug.xcconfig */;
			buildSettings = {
				ASSETCATALOG_COMPILER_APPICON_NAME = AppIcon;
				ASSETCATALOG_COMPILER_GLOBAL_ACCENT_COLOR_NAME = AccentColor;
				CODE_SIGN_ENTITLEMENTS = Bivvy/Bivvy.entitlements;
				CODE_SIGN_IDENTITY = "Apple Development";
				"CODE_SIGN_IDENTITY[sdk=iphoneos*]" = "iPhone Developer";
				CODE_SIGN_STYLE = Manual;
				CURRENT_PROJECT_VERSION = 1;
				DEVELOPMENT_ASSET_PATHS = "";
				DEVELOPMENT_TEAM = "";
				"DEVELOPMENT_TEAM[sdk=iphoneos*]" = 6NUFR97X3A;
				ENABLE_USER_SCRIPT_SANDBOXING = NO;
				GENERATE_INFOPLIST_FILE = NO;
				INFOPLIST_FILE = Bivvy/Info.plist;
				INFOPLIST_KEY_CFBundleDisplayName = Bivvy;
				IPHONEOS_DEPLOYMENT_TARGET = 15.0;
				LD_RUNPATH_SEARCH_PATHS = (
					"$(inherited)",
					"@executable_path/Frameworks",
				);
				MARKETING_VERSION = 1.1.0;
				PRODUCT_BUNDLE_IDENTIFIER = app.myfy.test;
				PRODUCT_NAME = "$(TARGET_NAME)";
				PROVISIONING_PROFILE_SPECIFIER = "";
				"PROVISIONING_PROFILE_SPECIFIER[sdk=iphoneos*]" = test111;
				SUPPORTED_PLATFORMS = "iphoneos iphonesimulator";
				SUPPORTS_MACCATALYST = NO;
				SUPPORTS_MAC_DESIGNED_FOR_IPHONE_IPAD = NO;
				SUPPORTS_XR_DESIGNED_FOR_IPHONE_IPAD = NO;
				SWIFT_EMIT_LOC_STRINGS = YES;
				SWIFT_VERSION = 5.0;
				TARGETED_DEVICE_FAMILY = 1;
			};
			name = Debug;
		};
		2B1C5D4E2C00000100B23002 /* Release */ = {
			isa = XCBuildConfiguration;
			baseConfigurationReference = 562594D04E5B6A0E5734FFF0 /* Pods-Bivvy.release.xcconfig */;
			buildSettings = {
				ASSETCATALOG_COMPILER_APPICON_NAME = AppIcon;
				ASSETCATALOG_COMPILER_GLOBAL_ACCENT_COLOR_NAME = AccentColor;
				CODE_SIGN_ENTITLEMENTS = Bivvy/Bivvy.entitlements;
				CODE_SIGN_IDENTITY = "Apple Development";
				"CODE_SIGN_IDENTITY[sdk=iphoneos*]" = "iPhone Developer";
				CODE_SIGN_STYLE = Manual;
				CURRENT_PROJECT_VERSION = 1;
				DEVELOPMENT_ASSET_PATHS = "";
				DEVELOPMENT_TEAM = "";
				"DEVELOPMENT_TEAM[sdk=iphoneos*]" = 6NUFR97X3A;
				ENABLE_USER_SCRIPT_SANDBOXING = NO;
				GENERATE_INFOPLIST_FILE = NO;
				INFOPLIST_FILE = Bivvy/Info.plist;
				INFOPLIST_KEY_CFBundleDisplayName = Bivvy;
				IPHONEOS_DEPLOYMENT_TARGET = 15.0;
				LD_RUNPATH_SEARCH_PATHS = (
					"$(inherited)",
					"@executable_path/Frameworks",
				);
				MARKETING_VERSION = 1.1.0;
				PRODUCT_BUNDLE_IDENTIFIER = app.myfy.test;
				PRODUCT_NAME = "$(TARGET_NAME)";
				PROVISIONING_PROFILE_SPECIFIER = "";
				"PROVISIONING_PROFILE_SPECIFIER[sdk=iphoneos*]" = test111;
				SUPPORTED_PLATFORMS = "iphoneos iphonesimulator";
				SUPPORTS_MACCATALYST = NO;
				SUPPORTS_MAC_DESIGNED_FOR_IPHONE_IPAD = NO;
				SUPPORTS_XR_DESIGNED_FOR_IPHONE_IPAD = NO;
				SWIFT_EMIT_LOC_STRINGS = YES;
				SWIFT_VERSION = 5.0;
				TARGETED_DEVICE_FAMILY = 1;
			};
			name = Release;
		};
		2B1C5D4E2C00000100B24001 /* Debug */ = {
			isa = XCBuildConfiguration;
			buildSettings = {
				ALWAYS_SEARCH_USER_PATHS = NO;
				CLANG_ANALYZER_NONNULL = YES;
				CLANG_ANALYZER_NUMBER_OBJECT_CONVERSION = YES_AGGRESSIVE;
				CLANG_CXX_LANGUAGE_STANDARD = "gnu++20";
				CLANG_ENABLE_MODULES = YES;
				CLANG_ENABLE_OBJC_ARC = YES;
				CLANG_ENABLE_OBJC_WEAK = YES;
				CLANG_WARN_BLOCK_CAPTURE_AUTORELEASING = YES;
				CLANG_WARN_BOOL_CONVERSION = YES;
				CLANG_WARN_COMMA = YES;
				CLANG_WARN_CONSTANT_CONVERSION = YES;
				CLANG_WARN_DEPRECATED_OBJC_IMPLEMENTATIONS = YES;
				CLANG_WARN_DIRECT_OBJC_ISA_USAGE = YES_ERROR;
				CLANG_WARN_DOCUMENTATION_COMMENTS = YES;
				CLANG_WARN_EMPTY_BODY = YES;
				CLANG_WARN_ENUM_CONVERSION = YES;
				CLANG_WARN_INFINITE_RECURSION = YES;
				CLANG_WARN_INT_CONVERSION = YES;
				CLANG_WARN_NON_LITERAL_NULL_CONVERSION = YES;
				CLANG_WARN_OBJC_IMPLICIT_RETAIN_SELF = YES;
				CLANG_WARN_OBJC_LITERAL_CONVERSION = YES;
				CLANG_WARN_OBJC_ROOT_CLASS = YES_ERROR;
				CLANG_WARN_QUOTED_INCLUDE_IN_FRAMEWORK_HEADER = YES;
				CLANG_WARN_RANGE_LOOP_ANALYSIS = YES;
				CLANG_WARN_STRICT_PROTOTYPES = YES;
				CLANG_WARN_SUSPICIOUS_MOVE = YES;
				CLANG_WARN_UNGUARDED_AVAILABILITY = YES_AGGRESSIVE;
				CLANG_WARN_UNREACHABLE_CODE = YES;
				CLANG_WARN__DUPLICATE_METHOD_MATCH = YES;
				COPY_PHASE_STRIP = NO;
				DEBUG_INFORMATION_FORMAT = dwarf;
				ENABLE_STRICT_OBJC_MSGSEND = YES;
				ENABLE_TESTABILITY = YES;
				ENABLE_USER_SCRIPT_SANDBOXING = YES;
				GCC_C_LANGUAGE_STANDARD = gnu17;
				GCC_DYNAMIC_NO_PIC = NO;
				GCC_NO_COMMON_BLOCKS = YES;
				GCC_OPTIMIZATION_LEVEL = 0;
				GCC_PREPROCESSOR_DEFINITIONS = (
					"DEBUG=1",
					"$(inherited)",
				);
				GCC_WARN_64_TO_32_BIT_CONVERSION = YES;
				GCC_WARN_ABOUT_RETURN_TYPE = YES_ERROR;
				GCC_WARN_UNDECLARED_SELECTOR = YES;
				GCC_WARN_UNINITIALIZED_AUTOS = YES_AGGRESSIVE;
				GCC_WARN_UNUSED_FUNCTION = YES;
				GCC_WARN_UNUSED_VARIABLE = YES;
				LOCALIZATION_PREFERS_STRING_CATALOGS = YES;
				MTL_ENABLE_DEBUG_INFO = INCLUDE_SOURCE;
				MTL_FAST_MATH = YES;
				ONLY_ACTIVE_ARCH = YES;
				SDKROOT = iphoneos;
				SWIFT_ACTIVE_COMPILATION_CONDITIONS = "DEBUG $(inherited)";
				SWIFT_OPTIMIZATION_LEVEL = "-Onone";
			};
			name = Debug;
		};
		2B1C5D4E2C00000100B24002 /* Release */ = {
			isa = XCBuildConfiguration;
			buildSettings = {
				ALWAYS_SEARCH_USER_PATHS = NO;
				CLANG_ANALYZER_NONNULL = YES;
				CLANG_ANALYZER_NUMBER_OBJECT_CONVERSION = YES_AGGRESSIVE;
				CLANG_CXX_LANGUAGE_STANDARD = "gnu++20";
				CLANG_ENABLE_MODULES = YES;
				CLANG_ENABLE_OBJC_ARC = YES;
				CLANG_ENABLE_OBJC_WEAK = YES;
				CLANG_WARN_BLOCK_CAPTURE_AUTORELEASING = YES;
				CLANG_WARN_BOOL_CONVERSION = YES;
				CLANG_WARN_COMMA = YES;
				CLANG_WARN_CONSTANT_CONVERSION = YES;
				CLANG_WARN_DEPRECATED_OBJC_IMPLEMENTATIONS = YES;
				CLANG_WARN_DIRECT_OBJC_ISA_USAGE = YES_ERROR;
				CLANG_WARN_DOCUMENTATION_COMMENTS = YES;
				CLANG_WARN_EMPTY_BODY = YES;
				CLANG_WARN_ENUM_CONVERSION = YES;
				CLANG_WARN_INFINITE_RECURSION = YES;
				CLANG_WARN_INT_CONVERSION = YES;
				CLANG_WARN_NON_LITERAL_NULL_CONVERSION = YES;
				CLANG_WARN_OBJC_IMPLICIT_RETAIN_SELF = YES;
				CLANG_WARN_OBJC_LITERAL_CONVERSION = YES;
				CLANG_WARN_OBJC_ROOT_CLASS = YES_ERROR;
				CLANG_WARN_QUOTED_INCLUDE_IN_FRAMEWORK_HEADER = YES;
				CLANG_WARN_RANGE_LOOP_ANALYSIS = YES;
				CLANG_WARN_STRICT_PROTOTYPES = YES;
				CLANG_WARN_SUSPICIOUS_MOVE = YES;
				CLANG_WARN_UNGUARDED_AVAILABILITY = YES_AGGRESSIVE;
				CLANG_WARN_UNREACHABLE_CODE = YES;
				CLANG_WARN__DUPLICATE_METHOD_MATCH = YES;
				COPY_PHASE_STRIP = NO;
				DEBUG_INFORMATION_FORMAT = "dwarf-with-dsym";
				ENABLE_NS_ASSERTIONS = NO;
				ENABLE_STRICT_OBJC_MSGSEND = YES;
				ENABLE_USER_SCRIPT_SANDBOXING = YES;
				GCC_C_LANGUAGE_STANDARD = gnu17;
				GCC_NO_COMMON_BLOCKS = YES;
				GCC_WARN_64_TO_32_BIT_CONVERSION = YES;
				GCC_WARN_ABOUT_RETURN_TYPE = YES_ERROR;
				GCC_WARN_UNDECLARED_SELECTOR = YES;
				GCC_WARN_UNINITIALIZED_AUTOS = YES_AGGRESSIVE;
				GCC_WARN_UNUSED_FUNCTION = YES;
				GCC_WARN_UNUSED_VARIABLE = YES;
				LOCALIZATION_PREFERS_STRING_CATALOGS = YES;
				MTL_ENABLE_DEBUG_INFO = NO;
				MTL_FAST_MATH = YES;
				SDKROOT = iphoneos;
				SWIFT_COMPILATION_MODE = wholemodule;
				VALIDATE_PRODUCT = YES;
			};
			name = Release;
		};
/* End XCBuildConfiguration section */

/* Begin XCConfigurationList section */
		2B1C5D4E2C00000100B25001 /* Build configuration list for PBXNativeTarget "Bivvy" */ = {
			isa = XCConfigurationList;
			buildConfigurations = (
				2B1C5D4E2C00000100B23001 /* Debug */,
				2B1C5D4E2C00000100B23002 /* Release */,
			);
			defaultConfigurationIsVisible = 0;
			defaultConfigurationName = Release;
		};
		2B1C5D4E2C00000100B25002 /* Build configuration list for PBXProject "Bivvy" */ = {
			isa = XCConfigurationList;
			buildConfigurations = (
				2B1C5D4E2C00000100B24001 /* Debug */,
				2B1C5D4E2C00000100B24002 /* Release */,
			);
			defaultConfigurationIsVisible = 0;
			defaultConfigurationName = Release;
		};
/* End XCConfigurationList section */
	};
	rootObject = 2B1C5D4E2C00000100B21001 /* Project object */;
}
